{
  "name": "static-hermes-ffigen",
  "version": "1.0.0",
  "lockfileVersion": 3,
  "requires": true,
  "packages": {
    "": {
      "name": "static-hermes-ffigen",
      "version": "1.0.0",
      "license": "ISC",
      "workspaces": [
        "packages/ffigen-example"
      ]
    },
    "node_modules/ffigen-example": {
      "resolved": "packages/ffigen-example",
      "link": true
    },
    "packages/ffigen-example": {
      "version": "1.0.0",
      "license": "ISC"
    }
  }
}
